github.com/davecgh/go-spew v1.1.0/go.mod h1:J7Y8YcW2NihsgmVo/mv3lAwl/skON4iLHjSsI+c5H38=
github.com/dimfeld/httptreemux v5.0.1+incompatible h1:Qj3gVcDNoOthBAqftuD596rm4wg/adLLz5xh5CmpiCA=
github.com/dimfeld/httptreemux v5.0.1+incompatible/go.mod h1:rbUlSV+CCpv/SuqUTP/8Bk2O3LyUV436/yaRGkhP6Z0=
github.com/glassonion1/logz v0.3.11 h1:LTBA5vQ88OTYT/YOyBBE/idOensiWZjcIoJCBE86SIM=
github.com/glassonion1/logz v0.3.11/go.mod h1:KOYZY6g0QP7x42hq/g1Vcf0okzKuP/ODb29nj2uKGOQ=
github.com/google/go-cmp v0.5.6/go.mod h1:v8dTdLbMG2kIc/vJvl+f65V22dbkXbowE6jgT/gNBxE=
github.com/pmezard/go-difflib v1.0.0/go.mod h1:iKH77koFhYxTK1pcRnkKkqfTogsbg7gZNVY4sRDYZ/4=
github.com/stretchr/objx v0.1.0/go.mod h1:HFkY916IF+rwdDfMAkV7OtwuqBVzrE8GR6GFx+wExME=
github.com/stretchr/testify v1.7.0/go.mod h1:6Fq8oRcR53rry900zMqJjRRixrwX3KX962/h/Wwjteg=
go.opentelemetry.io/otel v1.0.0-RC1 h1:4CeoX93DNTWt8awGK9JmNXzF9j7TyOu9upscEdtcdXc=
go.opentelemetry.io/otel v1.0.0-RC1/go.mod h1:x9tRa9HK4hSSq7jf2TKbqFbtt58/TGk0f9XiEYISI1I=
go.opentelemetry.io/otel/oteltest v1.0.0-RC1/go.mod h1:+eoIG0gdEOaPNftuy1YScLr1Gb4mL/9lpDkZ0JjMRq4=
go.opentelemetry.io/otel/sdk v1.0.0-RC1 h1:Sy2VLOOg24bipyC29PhuMXYNJrLsxkie8hyI7kUlG9Q=
go.opentelemetry.io/otel/sdk v1.0.0-RC1/go.mod h1:kj6yPn7Pgt5ByRuwesbaWcRLA+V7BSDg3Hf8xRvsvf8=
go.opentelemetry.io/otel/trace v1.0.0-RC1 h1:jrjqKJZEibFrDz+umEASeU3LvdVyWKlnTh7XEfwrT58=
go.opentelemetry.io/otel/trace v1.0.0-RC1/go.mod h1:86UHmyHWFEtWjfWPSbu0+d0Pf9Q6e1U+3ViBOc+NXAg=
golang.org/x/xerrors v0.0.0-20191204190536-9bdfabe68543/go.mod h1:I/5z698sn9Ka8TeJc9MKroUUfqBBauWjQqLJ2OPfmY0=
gopkg.in/check.v1 v0.0.0-20161208181325-20d25e280405/go.mod h1:Co6ibVJAznAaIkqp8huTwlJQCZ016jof/cbN4VW5Yz0=
gopkg.in/yaml.v3 v3.0.0-20200313102051-9f266ea9e77c/go.mod h1:K4uyk7z7BCEPqu6E+C64Yfv1cQ7kz7rIZviUmN+EgEM=
